Microsoft Visual Studio Solution File, Format Version 12.00
Project("{FAE04EC0-301F-11D3-BF4B-00C04F79EFBC}") = "c-sharp-serialization-bench", "c-sharp-serialization-bench.csproj", "{76D822D5-8ECA-4D01-B049-685F8426FE1E}"
EndProject
Global
	GlobalSection(SolutionConfigurationPlatforms) = preSolution
		Debug|Any CPU = Debug|Any CPU
		Release|Any CPU = Release|Any CPU
	EndGlobalSection
	GlobalSection(ProjectConfigurationPlatforms) = postSolution
		{76D822D5-8ECA-4D01-B049-685F8426FE1E}.Debug|Any CPU.ActiveCfg = Debug|Any CPU
		{76D822D5-8ECA-4D01-B049-685F8426FE1E}.Debug|Any CPU.Build.0 = Debug|Any CPU
		{76D822D5-8ECA-4D01-B049-685F8426FE1E}.Release|Any CPU.ActiveCfg = Release|Any CPU
		{76D822D5-8ECA-4D01-B049-685F8426FE1E}.Release|Any CPU.Build.0 = Release|Any CPU
	EndGlobalSection
EndGlobal
